
Microsoft Visual Studio Solution File, Format Version 12.00
# Visual Studio Version 17
VisualStudioVersion = 17.14.36408.4 d17.14
MinimumVisualStudioVersion = 10.0.40219.1
Project("{8BC9CEB8-8B4A-11D0-8D11-00A0C91BC942}") = "DDA Extractor", "DDA Extractor\DDA Extractor.vcxproj", "{5FA337B1-45D9-44D2-BCAC-99FE9976BAD8}"
EndProject
Project("{8BC9CEB8-8B4A-11D0-8D11-00A0C91BC942}") = "DDA Extractor CMD", "DDA Extractor CMD\DDA Extractor CMD.vcxproj", "{EB7775EB-7AD2-4565-9C4E-001B2816A83D}"
EndProject
Global
	GlobalSection(SolutionConfigurationPlatforms) = preSolution
		Debug|Any CPU = Debug|Any CPU
		Debug|x64 = Debug|x64
		Debug|x86 = Debug|x86
		Release|Any CPU = Release|Any CPU
		Release|x64 = Release|x64
		Release|x86 = Release|x86
	EndGlobalSection
	GlobalSection(ProjectConfigurationPlatforms) = postSolution
		{5FA337B1-45D9-44D2-BCAC-99FE9976BAD8}.Debug|Any CPU.ActiveCfg = Debug|x64
		{5FA337B1-45D9-44D2-BCAC-99FE9976BAD8}.Debug|Any CPU.Build.0 = Debug|x64
		{5FA337B1-45D9-44D2-BCAC-99FE9976BAD8}.Debug|x64.ActiveCfg = Debug|x64
		{5FA337B1-45D9-44D2-BCAC-99FE9976BAD8}.Debug|x64.Build.0 = Debug|x64
		{5FA337B1-45D9-44D2-BCAC-99FE9976BAD8}.Debug|x86.ActiveCfg = Debug|Win32
		{5FA337B1-45D9-44D2-BCAC-99FE9976BAD8}.Debug|x86.Build.0 = Debug|Win32
		{5FA337B1-45D9-44D2-BCAC-99FE9976BAD8}.Release|Any CPU.ActiveCfg = Release|x64
		{5FA337B1-45D9-44D2-BCAC-99FE9976BAD8}.Release|Any CPU.Build.0 = Release|x64
		{5FA337B1-45D9-44D2-BCAC-99FE9976BAD8}.Release|x64.ActiveCfg = Release|x64
		{5FA337B1-45D9-44D2-BCAC-99FE9976BAD8}.Release|x64.Build.0 = Release|x64
		{5FA337B1-45D9-44D2-BCAC-99FE9976BAD8}.Release|x86.ActiveCfg = Release|Win32
		{5FA337B1-45D9-44D2-BCAC-99FE9976BAD8}.Release|x86.Build.0 = Release|Win32
		{EB7775EB-7AD2-4565-9C4E-001B2816A83D}.Debug|Any CPU.ActiveCfg = Debug|x64
		{EB7775EB-7AD2-4565-9C4E-001B2816A83D}.Debug|Any CPU.Build.0 = Debug|x64
		{EB7775EB-7AD2-4565-9C4E-001B2816A83D}.Debug|x64.ActiveCfg = Debug|x64
		{EB7775EB-7AD2-4565-9C4E-001B2816A83D}.Debug|x64.Build.0 = Debug|x64
		{EB7775EB-7AD2-4565-9C4E-001B2816A83D}.Debug|x86.ActiveCfg = Debug|Win32
		{EB7775EB-7AD2-4565-9C4E-001B2816A83D}.Debug|x86.Build.0 = Debug|Win32
		{EB7775EB-7AD2-4565-9C4E-001B2816A83D}.Release|Any CPU.ActiveCfg = Release|x64
		{EB7775EB-7AD2-4565-9C4E-001B2816A83D}.Release|Any CPU.Build.0 = Release|x64
		{EB7775EB-7AD2-4565-9C4E-001B2816A83D}.Release|x64.ActiveCfg = Release|x64
		{EB7775EB-7AD2-4565-9C4E-001B2816A83D}.Release|x64.Build.0 = Release|x64
		{EB7775EB-7AD2-4565-9C4E-001B2816A83D}.Release|x86.ActiveCfg = Release|Win32
		{EB7775EB-7AD2-4565-9C4E-001B2816A83D}.Release|x86.Build.0 = Release|Win32
	EndGlobalSection
	GlobalSection(SolutionProperties) = preSolution
		HideSolutionNode = FALSE
	EndGlobalSection
	GlobalSection(ExtensibilityGlobals) = postSolution
		SolutionGuid = {C5670869-2E69-4CA9-B875-E27B8DC42625}
	EndGlobalSection
EndGlobal
